<?xml version="1.0" encoding="utf-8"?>
<Project ToolsVersion="4.0" xmlns="http://schemas.microsoft.com/developer/msbuild/2003">
  <ItemGroup>
    <Filter Include="Source Files">
      <UniqueIdentifier>{4FC737F1-C7A5-4376-A066-2A32D752A2FF}</UniqueIdentifier>
      <Extensions>cpp;c;cc;cxx;c++;cppm;ixx;def;odl;idl;hpj;bat;asm;asmx</Extensions>
    </Filter>
    <Filter Include="Header Files">
      <UniqueIdentifier>{93995380-89BD-4b04-88EB-625FBE52EBFB}</UniqueIdentifier>
      <Extensions>h;hh;hpp;hxx;h++;hm;inl;inc;ipp;xsd</Extensions>
    </Filter>
    <Filter Include="Resource Files">
      <UniqueIdentifier>{67DA6AB6-F800-4c08-8B7A-83BB121AAD01}</UniqueIdentifier>
      <Extensions>rc;ico;cur;bmp;dlg;rc2;rct;bin;rgs;gif;jpg;jpeg;jpe;resx;tiff;tif;png;wav;mfcribbon-ms</Extensions>
    </Filter>
  </ItemGroup>
  <ItemGroup>
    <ClCompile Include="src\Main.cpp">
      <Filter>Source Files</Filter>
    </ClCompile>
    <ClCompile Include="vendor\glad\src\glad.c">
      <Filter>Source Files</Filter>
    </ClCompile>
    <ClCompile Include="src\Callback.cpp">
      <Filter>Source Files</Filter>
    </ClCompile>
    <ClCompile Include="src\Camera.cpp">
      <Filter>Source Files</Filter>
    </ClCompile>
    <ClCompile Include="src\Game.cpp">
      <Filter>Source Files</Filter>
    </ClCompile>
    <ClCompile Include="src\GL.cpp">
      <Filter>Source Files</Filter>
    </ClCompile>
    <ClCompile Include="src\Input.cpp">
      <Filter>Source Files</Filter>
    </ClCompile>
    <ClCompile Include="src\Shader.cpp">
      <Filter>Source Files</Filter>
    </ClCompile>
    <ClCompile Include="src\Util.cpp">
      <Filter>Source Files</Filter>
    </ClCompile>
    <ClCompile Include="src\Renderer.cpp">
      <Filter>Source Files</Filter>
    </ClCompile>
    <ClCompile Include="src\Texture.cpp">
      <Filter>Source Files</Filter>
    </ClCompile>
  </ItemGroup>
  <ItemGroup>
    <ClInclude Include="vendor\glm\detail\_features.hpp">
      <Filter>Header Files</Filter>
    </ClInclude>
    <ClInclude Include="vendor\glm\detail\_fixes.hpp">
      <Filter>Header Files</Filter>
    </ClInclude>
    <ClInclude Include="vendor\glm\detail\_noise.hpp">
      <Filter>Header Files</Filter>
    </ClInclude>
    <ClInclude Include="vendor\glm\detail\_swizzle.hpp">
      <Filter>Header Files</Filter>
    </ClInclude>
    <ClInclude Include="vendor\glm\detail\_swizzle_func.hpp">
      <Filter>Header Files</Filter>
    </ClInclude>
    <ClInclude Include="vendor\glm\detail\_vectorize.hpp">
      <Filter>Header Files</Filter>
    </ClInclude>
    <ClInclude Include="vendor\glm\detail\func_common.hpp">
      <Filter>Header Files</Filter>
    </ClInclude>
    <ClInclude Include="vendor\glm\detail\func_exponential.hpp">
      <Filter>Header Files</Filter>
    </ClInclude>
    <ClInclude Include="vendor\glm\detail\func_geometric.hpp">
      <Filter>Header Files</Filter>
    </ClInclude>
    <ClInclude Include="vendor\glm\detail\func_integer.hpp">
      <Filter>Header Files</Filter>
    </ClInclude>
    <ClInclude Include="vendor\glm\detail\func_matrix.hpp">
      <Filter>Header Files</Filter>
    </ClInclude>
    <ClInclude Include="vendor\glm\detail\func_packing.hpp">
      <Filter>Header Files</Filter>
    </ClInclude>
    <ClInclude Include="vendor\glm\detail\func_trigonometric.hpp">
      <Filter>Header Files</Filter>
    </ClInclude>
    <ClInclude Include="vendor\glm\detail\func_vector_relational.hpp">
      <Filter>Header Files</Filter>
    </ClInclude>
    <ClInclude Include="vendor\glm\detail\precision.hpp">
      <Filter>Header Files</Filter>
    </ClInclude>
    <ClInclude Include="vendor\glm\detail\setup.hpp">
      <Filter>Header Files</Filter>
    </ClInclude>
    <ClInclude Include="vendor\glm\detail\type_float.hpp">
      <Filter>Header Files</Filter>
    </ClInclude>
    <ClInclude Include="vendor\glm\detail\type_gentype.hpp">
      <Filter>Header Files</Filter>
    </ClInclude>
    <ClInclude Include="vendor\glm\detail\type_half.hpp">
      <Filter>Header Files</Filter>
    </ClInclude>
    <ClInclude Include="vendor\glm\detail\type_int.hpp">
      <Filter>Header Files</Filter>
    </ClInclude>
    <ClInclude Include="vendor\glm\detail\type_mat.hpp">
      <Filter>Header Files</Filter>
    </ClInclude>
    <ClInclude Include="vendor\glm\detail\type_mat2x2.hpp">
      <Filter>Header Files</Filter>
    </ClInclude>
    <ClInclude Include="vendor\glm\detail\type_mat2x3.hpp">
      <Filter>Header Files</Filter>
    </ClInclude>
    <ClInclude Include="vendor\glm\detail\type_mat2x4.hpp">
      <Filter>Header Files</Filter>
    </ClInclude>
    <ClInclude Include="vendor\glm\detail\type_mat3x2.hpp">
      <Filter>Header Files</Filter>
    </ClInclude>
    <ClInclude Include="vendor\glm\detail\type_mat3x3.hpp">
      <Filter>Header Files</Filter>
    </ClInclude>
    <ClInclude Include="vendor\glm\detail\type_mat3x4.hpp">
      <Filter>Header Files</Filter>
    </ClInclude>
    <ClInclude Include="vendor\glm\detail\type_mat4x2.hpp">
      <Filter>Header Files</Filter>
    </ClInclude>
    <ClInclude Include="vendor\glm\detail\type_mat4x3.hpp">
      <Filter>Header Files</Filter>
    </ClInclude>
    <ClInclude Include="vendor\glm\detail\type_mat4x4.hpp">
      <Filter>Header Files</Filter>
    </ClInclude>
    <ClInclude Include="vendor\glm\detail\type_vec.hpp">
      <Filter>Header Files</Filter>
    </ClInclude>
    <ClInclude Include="vendor\glm\detail\type_vec1.hpp">
      <Filter>Header Files</Filter>
    </ClInclude>
    <ClInclude Include="vendor\glm\detail\type_vec2.hpp">
      <Filter>Header Files</Filter>
    </ClInclude>
    <ClInclude Include="vendor\glm\detail\type_vec3.hpp">
      <Filter>Header Files</Filter>
    </ClInclude>
    <ClInclude Include="vendor\glm\detail\type_vec4.hpp">
      <Filter>Header Files</Filter>
    </ClInclude>
    <ClInclude Include="vendor\glm\gtc\bitfield.hpp">
      <Filter>Header Files</Filter>
    </ClInclude>
    <ClInclude Include="vendor\glm\gtc\color_space.hpp">
      <Filter>Header Files</Filter>
    </ClInclude>
    <ClInclude Include="vendor\glm\gtc\constants.hpp">
      <Filter>Header Files</Filter>
    </ClInclude>
    <ClInclude Include="vendor\glm\gtc\epsilon.hpp">
      <Filter>Header Files</Filter>
    </ClInclude>
    <ClInclude Include="vendor\glm\gtc\functions.hpp">
      <Filter>Header Files</Filter>
    </ClInclude>
    <ClInclude Include="vendor\glm\gtc\integer.hpp">
      <Filter>Header Files</Filter>
    </ClInclude>
    <ClInclude Include="vendor\glm\gtc\matrix_access.hpp">
      <Filter>Header Files</Filter>
    </ClInclude>
    <ClInclude Include="vendor\glm\gtc\matrix_integer.hpp">
      <Filter>Header Files</Filter>
    </ClInclude>
    <ClInclude Include="vendor\glm\gtc\matrix_inverse.hpp">
      <Filter>Header Files</Filter>
    </ClInclude>
    <ClInclude Include="vendor\glm\gtc\matrix_transform.hpp">
      <Filter>Header Files</Filter>
    </ClInclude>
    <ClInclude Include="vendor\glm\gtc\noise.hpp">
      <Filter>Header Files</Filter>
    </ClInclude>
    <ClInclude Include="vendor\glm\gtc\packing.hpp">
      <Filter>Header Files</Filter>
    </ClInclude>
    <ClInclude Include="vendor\glm\gtc\quaternion.hpp">
      <Filter>Header Files</Filter>
    </ClInclude>
    <ClInclude Include="vendor\glm\gtc\random.hpp">
      <Filter>Header Files</Filter>
    </ClInclude>
    <ClInclude Include="vendor\glm\gtc\reciprocal.hpp">
      <Filter>Header Files</Filter>
    </ClInclude>
    <ClInclude Include="vendor\glm\gtc\round.hpp">
      <Filter>Header Files</Filter>
    </ClInclude>
    <ClInclude Include="vendor\glm\gtc\type_aligned.hpp">
      <Filter>Header Files</Filter>
    </ClInclude>
    <ClInclude Include="vendor\glm\gtc\type_precision.hpp">
      <Filter>Header Files</Filter>
    </ClInclude>
    <ClInclude Include="vendor\glm\gtc\type_ptr.hpp">
      <Filter>Header Files</Filter>
    </ClInclude>
    <ClInclude Include="vendor\glm\gtc\ulp.hpp">
      <Filter>Header Files</Filter>
    </ClInclude>
    <ClInclude Include="vendor\glm\gtc\vec1.hpp">
      <Filter>Header Files</Filter>
    </ClInclude>
    <ClInclude Include="vendor\glm\gtx\associated_min_max.hpp">
      <Filter>Header Files</Filter>
    </ClInclude>
    <ClInclude Include="vendor\glm\gtx\bit.hpp">
      <Filter>Header Files</Filter>
    </ClInclude>
    <ClInclude Include="vendor\glm\gtx\closest_point.hpp">
      <Filter>Header Files</Filter>
    </ClInclude>
    <ClInclude Include="vendor\glm\gtx\color_space.hpp">
      <Filter>Header Files</Filter>
    </ClInclude>
    <ClInclude Include="vendor\glm\gtx\color_space_YCoCg.hpp">
      <Filter>Header Files</Filter>
    </ClInclude>
    <ClInclude Include="vendor\glm\gtx\common.hpp">
      <Filter>Header Files</Filter>
    </ClInclude>
    <ClInclude Include="vendor\glm\gtx\compatibility.hpp">
      <Filter>Header Files</Filter>
    </ClInclude>
    <ClInclude Include="vendor\glm\gtx\component_wise.hpp">
      <Filter>Header Files</Filter>
    </ClInclude>
    <ClInclude Include="vendor\glm\gtx\dual_quaternion.hpp">
      <Filter>Header Files</Filter>
    </ClInclude>
    <ClInclude Include="vendor\glm\gtx\euler_angles.hpp">
      <Filter>Header Files</Filter>
    </ClInclude>
    <ClInclude Include="vendor\glm\gtx\extend.hpp">
      <Filter>Header Files</Filter>
    </ClInclude>
    <ClInclude Include="vendor\glm\gtx\extended_min_max.hpp">
      <Filter>Header Files</Filter>
    </ClInclude>
    <ClInclude Include="vendor\glm\gtx\fast_exponential.hpp">
      <Filter>Header Files</Filter>
    </ClInclude>
    <ClInclude Include="vendor\glm\gtx\fast_square_root.hpp">
      <Filter>Header Files</Filter>
    </ClInclude>
    <ClInclude Include="vendor\glm\gtx\fast_trigonometry.hpp">
      <Filter>Header Files</Filter>
    </ClInclude>
    <ClInclude Include="vendor\glm\gtx\gradient_paint.hpp">
      <Filter>Header Files</Filter>
    </ClInclude>
    <ClInclude Include="vendor\glm\gtx\handed_coordinate_space.hpp">
      <Filter>Header Files</Filter>
    </ClInclude>
    <ClInclude Include="vendor\glm\gtx\hash.hpp">
      <Filter>Header Files</Filter>
    </ClInclude>
    <ClInclude Include="vendor\glm\gtx\integer.hpp">
      <Filter>Header Files</Filter>
    </ClInclude>
    <ClInclude Include="vendor\glm\gtx\intersect.hpp">
      <Filter>Header Files</Filter>
    </ClInclude>
    <ClInclude Include="vendor\glm\gtx\io.hpp">
      <Filter>Header Files</Filter>
    </ClInclude>
    <ClInclude Include="vendor\glm\gtx\log_base.hpp">
      <Filter>Header Files</Filter>
    </ClInclude>
    <ClInclude Include="vendor\glm\gtx\matrix_cross_product.hpp">
      <Filter>Header Files</Filter>
    </ClInclude>
    <ClInclude Include="vendor\glm\gtx\matrix_decompose.hpp">
      <Filter>Header Files</Filter>
    </ClInclude>
    <ClInclude Include="vendor\glm\gtx\matrix_interpolation.hpp">
      <Filter>Header Files</Filter>
    </ClInclude>
    <ClInclude Include="vendor\glm\gtx\matrix_major_storage.hpp">
      <Filter>Header Files</Filter>
    </ClInclude>
    <ClInclude Include="vendor\glm\gtx\matrix_operation.hpp">
      <Filter>Header Files</Filter>
    </ClInclude>
    <ClInclude Include="vendor\glm\gtx\matrix_query.hpp">
      <Filter>Header Files</Filter>
    </ClInclude>
    <ClInclude Include="vendor\glm\gtx\matrix_transform_2d.hpp">
      <Filter>Header Files</Filter>
    </ClInclude>
    <ClInclude Include="vendor\glm\gtx\mixed_product.hpp">
      <Filter>Header Files</Filter>
    </ClInclude>
    <ClInclude Include="vendor\glm\gtx\norm.hpp">
      <Filter>Header Files</Filter>
    </ClInclude>
    <ClInclude Include="vendor\glm\gtx\normal.hpp">
      <Filter>Header Files</Filter>
    </ClInclude>
    <ClInclude Include="vendor\glm\gtx\normalize_dot.hpp">
      <Filter>Header Files</Filter>
    </ClInclude>
    <ClInclude Include="vendor\glm\gtx\number_precision.hpp">
      <Filter>Header Files</Filter>
    </ClInclude>
    <ClInclude Include="vendor\glm\gtx\optimum_pow.hpp">
      <Filter>Header Files</Filter>
    </ClInclude>
    <ClInclude Include="vendor\glm\gtx\orthonormalize.hpp">
      <Filter>Header Files</Filter>
    </ClInclude>
    <ClInclude Include="vendor\glm\gtx\perpendicular.hpp">
      <Filter>Header Files</Filter>
    </ClInclude>
    <ClInclude Include="vendor\glm\gtx\polar_coordinates.hpp">
      <Filter>Header Files</Filter>
    </ClInclude>
    <ClInclude Include="vendor\glm\gtx\projection.hpp">
      <Filter>Header Files</Filter>
    </ClInclude>
    <ClInclude Include="vendor\glm\gtx\quaternion.hpp">
      <Filter>Header Files</Filter>
    </ClInclude>
    <ClInclude Include="vendor\glm\gtx\range.hpp">
      <Filter>Header Files</Filter>
    </ClInclude>
    <ClInclude Include="vendor\glm\gtx\raw_data.hpp">
      <Filter>Header Files</Filter>
    </ClInclude>
    <ClInclude Include="vendor\glm\gtx\rotate_normalized_axis.hpp">
      <Filter>Header Files</Filter>
    </ClInclude>
    <ClInclude Include="vendor\glm\gtx\rotate_vector.hpp">
      <Filter>Header Files</Filter>
    </ClInclude>
    <ClInclude Include="vendor\glm\gtx\scalar_multiplication.hpp">
      <Filter>Header Files</Filter>
    </ClInclude>
    <ClInclude Include="vendor\glm\gtx\scalar_relational.hpp">
      <Filter>Header Files</Filter>
    </ClInclude>
    <ClInclude Include="vendor\glm\gtx\spline.hpp">
      <Filter>Header Files</Filter>
    </ClInclude>
    <ClInclude Include="vendor\glm\gtx\std_based_type.hpp">
      <Filter>Header Files</Filter>
    </ClInclude>
    <ClInclude Include="vendor\glm\gtx\string_cast.hpp">
      <Filter>Header Files</Filter>
    </ClInclude>
    <ClInclude Include="vendor\glm\gtx\transform.hpp">
      <Filter>Header Files</Filter>
    </ClInclude>
    <ClInclude Include="vendor\glm\gtx\transform2.hpp">
      <Filter>Header Files</Filter>
    </ClInclude>
    <ClInclude Include="vendor\glm\gtx\type_aligned.hpp">
      <Filter>Header Files</Filter>
    </ClInclude>
    <ClInclude Include="vendor\glm\gtx\type_trait.hpp">
      <Filter>Header Files</Filter>
    </ClInclude>
    <ClInclude Include="vendor\glm\gtx\vector_angle.hpp">
      <Filter>Header Files</Filter>
    </ClInclude>
    <ClInclude Include="vendor\glm\gtx\vector_query.hpp">
      <Filter>Header Files</Filter>
    </ClInclude>
    <ClInclude Include="vendor\glm\gtx\wrap.hpp">
      <Filter>Header Files</Filter>
    </ClInclude>
    <ClInclude Include="vendor\glm\simd\common.h">
      <Filter>Header Files</Filter>
    </ClInclude>
    <ClInclude Include="vendor\glm\simd\exponential.h">
      <Filter>Header Files</Filter>
    </ClInclude>
    <ClInclude Include="vendor\glm\simd\geometric.h">
      <Filter>Header Files</Filter>
    </ClInclude>
    <ClInclude Include="vendor\glm\simd\integer.h">
      <Filter>Header Files</Filter>
    </ClInclude>
    <ClInclude Include="vendor\glm\simd\matrix.h">
      <Filter>Header Files</Filter>
    </ClInclude>
    <ClInclude Include="vendor\glm\simd\packing.h">
      <Filter>Header Files</Filter>
    </ClInclude>
    <ClInclude Include="vendor\glm\simd\platform.h">
      <Filter>Header Files</Filter>
    </ClInclude>
    <ClInclude Include="vendor\glm\simd\trigonometric.h">
      <Filter>Header Files</Filter>
    </ClInclude>
    <ClInclude Include="vendor\glm\simd\vector_relational.h">
      <Filter>Header Files</Filter>
    </ClInclude>
    <ClInclude Include="vendor\glm\test\external\gli\core\generate_mipmaps.hpp">
      <Filter>Header Files</Filter>
    </ClInclude>
    <ClInclude Include="vendor\glm\test\external\gli\core\image2d.hpp">
      <Filter>Header Files</Filter>
    </ClInclude>
    <ClInclude Include="vendor\glm\test\external\gli\core\operation.hpp">
      <Filter>Header Files</Filter>
    </ClInclude>
    <ClInclude Include="vendor\glm\test\external\gli\core\operator.hpp">
      <Filter>Header Files</Filter>
    </ClInclude>
    <ClInclude Include="vendor\glm\test\external\gli\core\shared_array.hpp">
      <Filter>Header Files</Filter>
    </ClInclude>
    <ClInclude Include="vendor\glm\test\external\gli\core\shared_ptr.hpp">
      <Filter>Header Files</Filter>
    </ClInclude>
    <ClInclude Include="vendor\glm\test\external\gli\core\size.hpp">
      <Filter>Header Files</Filter>
    </ClInclude>
    <ClInclude Include="vendor\glm\test\external\gli\core\texture_cube.hpp">
      <Filter>Header Files</Filter>
    </ClInclude>
    <ClInclude Include="vendor\glm\test\external\gli\core\texture_cube_array.hpp">
      <Filter>Header Files</Filter>
    </ClInclude>
    <ClInclude Include="vendor\glm\test\external\gli\core\texture2d.hpp">
      <Filter>Header Files</Filter>
    </ClInclude>
    <ClInclude Include="vendor\glm\test\external\gli\core\texture2d_array.hpp">
      <Filter>Header Files</Filter>
    </ClInclude>
    <ClInclude Include="vendor\glm\test\external\gli\gtx\compression.hpp">
      <Filter>Header Files</Filter>
    </ClInclude>
    <ClInclude Include="vendor\glm\test\external\gli\gtx\fetch.hpp">
      <Filter>Header Files</Filter>
    </ClInclude>
    <ClInclude Include="vendor\glm\test\external\gli\gtx\gl_texture2d.hpp">
      <Filter>Header Files</Filter>
    </ClInclude>
    <ClInclude Include="vendor\glm\test\external\gli\gtx\gradient.hpp">
      <Filter>Header Files</Filter>
    </ClInclude>
    <ClInclude Include="vendor\glm\test\external\gli\gtx\loader.hpp">
      <Filter>Header Files</Filter>
    </ClInclude>
    <ClInclude Include="vendor\glm\test\external\gli\gtx\loader_dds9.hpp">
      <Filter>Header Files</Filter>
    </ClInclude>
    <ClInclude Include="vendor\glm\test\external\gli\gtx\loader_dds10.hpp">
      <Filter>Header Files</Filter>
    </ClInclude>
    <ClInclude Include="vendor\glm\test\external\gli\gtx\loader_tga.hpp">
      <Filter>Header Files</Filter>
    </ClInclude>
    <ClInclude Include="vendor\glm\test\external\gli\gtx\wavelet.hpp">
      <Filter>Header Files</Filter>
    </ClInclude>
    <ClInclude Include="vendor\glm\test\external\gli\gli.hpp">
      <Filter>Header Files</Filter>
    </ClInclude>
    <ClInclude Include="vendor\glm\common.hpp">
      <Filter>Header Files</Filter>
    </ClInclude>
    <ClInclude Include="vendor\glm\exponential.hpp">
      <Filter>Header Files</Filter>
    </ClInclude>
    <ClInclude Include="vendor\glm\ext.hpp">
      <Filter>Header Files</Filter>
    </ClInclude>
    <ClInclude Include="vendor\glm\fwd.hpp">
      <Filter>Header Files</Filter>
    </ClInclude>
    <ClInclude Include="vendor\glm\geometric.hpp">
      <Filter>Header Files</Filter>
    </ClInclude>
    <ClInclude Include="vendor\glm\glm.hpp">
      <Filter>Header Files</Filter>
    </ClInclude>
    <ClInclude Include="vendor\glm\integer.hpp">
      <Filter>Header Files</Filter>
    </ClInclude>
    <ClInclude Include="vendor\glm\mat2x2.hpp">
      <Filter>Header Files</Filter>
    </ClInclude>
    <ClInclude Include="vendor\glm\mat2x3.hpp">
      <Filter>Header Files</Filter>
    </ClInclude>
    <ClInclude Include="vendor\glm\mat2x4.hpp">
      <Filter>Header Files</Filter>
    </ClInclude>
    <ClInclude Include="vendor\glm\mat3x2.hpp">
      <Filter>Header Files</Filter>
    </ClInclude>
    <ClInclude Include="vendor\glm\mat3x3.hpp">
      <Filter>Header Files</Filter>
    </ClInclude>
    <ClInclude Include="vendor\glm\mat3x4.hpp">
      <Filter>Header Files</Filter>
    </ClInclude>
    <ClInclude Include="vendor\glm\mat4x2.hpp">
      <Filter>Header Files</Filter>
    </ClInclude>
    <ClInclude Include="vendor\glm\mat4x3.hpp">
      <Filter>Header Files</Filter>
    </ClInclude>
    <ClInclude Include="vendor\glm\mat4x4.hpp">
      <Filter>Header Files</Filter>
    </ClInclude>
    <ClInclude Include="vendor\glm\matrix.hpp">
      <Filter>Header Files</Filter>
    </ClInclude>
    <ClInclude Include="vendor\glm\packing.hpp">
      <Filter>Header Files</Filter>
    </ClInclude>
    <ClInclude Include="vendor\glm\trigonometric.hpp">
      <Filter>Header Files</Filter>
    </ClInclude>
    <ClInclude Include="vendor\glm\vec2.hpp">
      <Filter>Header Files</Filter>
    </ClInclude>
    <ClInclude Include="vendor\glm\vec3.hpp">
      <Filter>Header Files</Filter>
    </ClInclude>
    <ClInclude Include="vendor\glm\vec4.hpp">
      <Filter>Header Files</Filter>
    </ClInclude>
    <ClInclude Include="vendor\glm\vector_relational.hpp">
      <Filter>Header Files</Filter>
    </ClInclude>
    <ClInclude Include="vendor\glad\glad.h">
      <Filter>Header Files</Filter>
    </ClInclude>
    <ClInclude Include="vendor\glad\khrplatform.h">
      <Filter>Header Files</Filter>
    </ClInclude>
    <ClInclude Include="vendor\GLFW\glfw3.h">
      <Filter>Header Files</Filter>
    </ClInclude>
    <ClInclude Include="vendor\GLFW\glfw3native.h">
      <Filter>Header Files</Filter>
    </ClInclude>
    <ClInclude Include="include\Callback.h">
      <Filter>Header Files</Filter>
    </ClInclude>
    <ClInclude Include="include\Camera.h">
      <Filter>Header Files</Filter>
    </ClInclude>
    <ClInclude Include="include\Game.h">
      <Filter>Header Files</Filter>
    </ClInclude>
    <ClInclude Include="include\GL.h">
      <Filter>Header Files</Filter>
    </ClInclude>
    <ClInclude Include="include\Input.h">
      <Filter>Header Files</Filter>
    </ClInclude>
    <ClInclude Include="include\Shader.h">
      <Filter>Header Files</Filter>
    </ClInclude>
    <ClInclude Include="include\Util.h">
      <Filter>Header Files</Filter>
    </ClInclude>
    <ClInclude Include="include\Renderer.h">
      <Filter>Header Files</Filter>
    </ClInclude>
    <ClInclude Include="include\Texture.h">
      <Filter>Header Files</Filter>
    </ClInclude>
  </ItemGroup>
  <ItemGroup>
    <None Include="vendor\glm\detail\func_common.inl">
      <Filter>Header Files</Filter>
    </None>
    <None Include="vendor\glm\detail\func_common_simd.inl">
      <Filter>Header Files</Filter>
    </None>
    <None Include="vendor\glm\detail\func_exponential.inl">
      <Filter>Header Files</Filter>
    </None>
    <None Include="vendor\glm\detail\func_exponential_simd.inl">
      <Filter>Header Files</Filter>
    </None>
    <None Include="vendor\glm\detail\func_geometric.inl">
      <Filter>Header Files</Filter>
    </None>
    <None Include="vendor\glm\detail\func_geometric_simd.inl">
      <Filter>Header Files</Filter>
    </None>
    <None Include="vendor\glm\detail\func_integer.inl">
      <Filter>Header Files</Filter>
    </None>
    <None Include="vendor\glm\detail\func_integer_simd.inl">
      <Filter>Header Files</Filter>
    </None>
    <None Include="vendor\glm\detail\func_matrix.inl">
      <Filter>Header Files</Filter>
    </None>
    <None Include="vendor\glm\detail\func_matrix_simd.inl">
      <Filter>Header Files</Filter>
    </None>
    <None Include="vendor\glm\detail\func_packing.inl">
      <Filter>Header Files</Filter>
    </None>
    <None Include="vendor\glm\detail\func_packing_simd.inl">
      <Filter>Header Files</Filter>
    </None>
    <None Include="vendor\glm\detail\func_trigonometric.inl">
      <Filter>Header Files</Filter>
    </None>
    <None Include="vendor\glm\detail\func_trigonometric_simd.inl">
      <Filter>Header Files</Filter>
    </None>
    <None Include="vendor\glm\detail\func_vector_relational.inl">
      <Filter>Header Files</Filter>
    </None>
    <None Include="vendor\glm\detail\func_vector_relational_simd.inl">
      <Filter>Header Files</Filter>
    </None>
    <None Include="vendor\glm\detail\type_gentype.inl">
      <Filter>Header Files</Filter>
    </None>
    <None Include="vendor\glm\detail\type_half.inl">
      <Filter>Header Files</Filter>
    </None>
    <None Include="vendor\glm\detail\type_mat.inl">
      <Filter>Header Files</Filter>
    </None>
    <None Include="vendor\glm\detail\type_mat2x2.inl">
      <Filter>Header Files</Filter>
    </None>
    <None Include="vendor\glm\detail\type_mat2x3.inl">
      <Filter>Header Files</Filter>
    </None>
    <None Include="vendor\glm\detail\type_mat2x4.inl">
      <Filter>Header Files</Filter>
    </None>
    <None Include="vendor\glm\detail\type_mat3x2.inl">
      <Filter>Header Files</Filter>
    </None>
    <None Include="vendor\glm\detail\type_mat3x3.inl">
      <Filter>Header Files</Filter>
    </None>
    <None Include="vendor\glm\detail\type_mat3x4.inl">
      <Filter>Header Files</Filter>
    </None>
    <None Include="vendor\glm\detail\type_mat4x2.inl">
      <Filter>Header Files</Filter>
    </None>
    <None Include="vendor\glm\detail\type_mat4x3.inl">
      <Filter>Header Files</Filter>
    </None>
    <None Include="vendor\glm\detail\type_mat4x4.inl">
      <Filter>Header Files</Filter>
    </None>
    <None Include="vendor\glm\detail\type_mat4x4_simd.inl">
      <Filter>Header Files</Filter>
    </None>
    <None Include="vendor\glm\detail\type_vec.inl">
      <Filter>Header Files</Filter>
    </None>
    <None Include="vendor\glm\detail\type_vec1.inl">
      <Filter>Header Files</Filter>
    </None>
    <None Include="vendor\glm\detail\type_vec2.inl">
      <Filter>Header Files</Filter>
    </None>
    <None Include="vendor\glm\detail\type_vec3.inl">
      <Filter>Header Files</Filter>
    </None>
    <None Include="vendor\glm\detail\type_vec4.inl">
      <Filter>Header Files</Filter>
    </None>
    <None Include="vendor\glm\detail\type_vec4_simd.inl">
      <Filter>Header Files</Filter>
    </None>
    <None Include="vendor\glm\doc\api\a00001.html" />
    <None Include="vendor\glm\doc\api\a00001_source.html" />
    <None Include="vendor\glm\doc\api\a00002.html" />
    <None Include="vendor\glm\doc\api\a00002_source.html" />
    <None Include="vendor\glm\doc\api\a00003.html" />
    <None Include="vendor\glm\doc\api\a00003_source.html" />
    <None Include="vendor\glm\doc\api\a00004.html" />
    <None Include="vendor\glm\doc\api\a00004_source.html" />
    <None Include="vendor\glm\doc\api\a00005.html" />
    <None Include="vendor\glm\doc\api\a00005_source.html" />
    <None Include="vendor\glm\doc\api\a00006.html" />
    <None Include="vendor\glm\doc\api\a00006_source.html" />
    <None Include="vendor\glm\doc\api\a00007.html" />
    <None Include="vendor\glm\doc\api\a00007_source.html" />
    <None Include="vendor\glm\doc\api\a00008.html" />
    <None Include="vendor\glm\doc\api\a00008_source.html" />
    <None Include="vendor\glm\doc\api\a00009.html" />
    <None Include="vendor\glm\doc\api\a00009_source.html" />
    <None Include="vendor\glm\doc\api\a00010.html" />
    <None Include="vendor\glm\doc\api\a00010_source.html" />
    <None Include="vendor\glm\doc\api\a00011.html" />
    <None Include="vendor\glm\doc\api\a00011_source.html" />
    <None Include="vendor\glm\doc\api\a00012.html" />
    <None Include="vendor\glm\doc\api\a00012_source.html" />
    <None Include="vendor\glm\doc\api\a00013.html" />
    <None Include="vendor\glm\doc\api\a00013_source.html" />
    <None Include="vendor\glm\doc\api\a00014.html" />
    <None Include="vendor\glm\doc\api\a00014_source.html" />
    <None Include="vendor\glm\doc\api\a00015.html" />
    <None Include="vendor\glm\doc\api\a00015_source.html" />
    <None Include="vendor\glm\doc\api\a00016.html" />
    <None Include="vendor\glm\doc\api\a00016_source.html" />
    <None Include="vendor\glm\doc\api\a00017.html" />
    <None Include="vendor\glm\doc\api\a00017_source.html" />
    <None Include="vendor\glm\doc\api\a00018.html" />
    <None Include="vendor\glm\doc\api\a00018_source.html" />
    <None Include="vendor\glm\doc\api\a00019.html" />
    <None Include="vendor\glm\doc\api\a00019_source.html" />
    <None Include="vendor\glm\doc\api\a00020.html" />
    <None Include="vendor\glm\doc\api\a00020_source.html" />
    <None Include="vendor\glm\doc\api\a00021.html" />
    <None Include="vendor\glm\doc\api\a00021_source.html" />
    <None Include="vendor\glm\doc\api\a00022.html" />
    <None Include="vendor\glm\doc\api\a00022_source.html" />
    <None Include="vendor\glm\doc\api\a00023.html" />
    <None Include="vendor\glm\doc\api\a00023_source.html" />
    <None Include="vendor\glm\doc\api\a00024.html" />
    <None Include="vendor\glm\doc\api\a00024_source.html" />
    <None Include="vendor\glm\doc\api\a00025.html" />
    <None Include="vendor\glm\doc\api\a00025_source.html" />
    <None Include="vendor\glm\doc\api\a00026.html" />
    <None Include="vendor\glm\doc\api\a00026_source.html" />
    <None Include="vendor\glm\doc\api\a00027.html" />
    <None Include="vendor\glm\doc\api\a00027_source.html" />
    <None Include="vendor\glm\doc\api\a00028.html" />
    <None Include="vendor\glm\doc\api\a00028_source.html" />
    <None Include="vendor\glm\doc\api\a00029.html" />
    <None Include="vendor\glm\doc\api\a00029_source.html" />
    <None Include="vendor\glm\doc\api\a00030.html" />
    <None Include="vendor\glm\doc\api\a00030_source.html" />
    <None Include="vendor\glm\doc\api\a00031.html" />
    <None Include="vendor\glm\doc\api\a00031_source.html" />
    <None Include="vendor\glm\doc\api\a00032.html" />
    <None Include="vendor\glm\doc\api\a00032_source.html" />
    <None Include="vendor\glm\doc\api\a00033.html" />
    <None Include="vendor\glm\doc\api\a00033_source.html" />
    <None Include="vendor\glm\doc\api\a00034.html" />
    <None Include="vendor\glm\doc\api\a00034_source.html" />
    <None Include="vendor\glm\doc\api\a00035.html" />
    <None Include="vendor\glm\doc\api\a00035_source.html" />
    <None Include="vendor\glm\doc\api\a00036.html" />
    <None Include="vendor\glm\doc\api\a00036_source.html" />
    <None Include="vendor\glm\doc\api\a00037.html" />
    <None Include="vendor\glm\doc\api\a00037_source.html" />
    <None Include="vendor\glm\doc\api\a00038.html" />
    <None Include="vendor\glm\doc\api\a00038_source.html" />
    <None Include="vendor\glm\doc\api\a00039.html" />
    <None Include="vendor\glm\doc\api\a00039_source.html" />
    <None Include="vendor\glm\doc\api\a00040.html" />
    <None Include="vendor\glm\doc\api\a00040_source.html" />
    <None Include="vendor\glm\doc\api\a00041.html" />
    <None Include="vendor\glm\doc\api\a00041_source.html" />
    <None Include="vendor\glm\doc\api\a00042.html" />
    <None Include="vendor\glm\doc\api\a00042_source.html" />
    <None Include="vendor\glm\doc\api\a00043.html" />
    <None Include="vendor\glm\doc\api\a00043_source.html" />
    <None Include="vendor\glm\doc\api\a00044.html" />
    <None Include="vendor\glm\doc\api\a00044_source.html" />
    <None Include="vendor\glm\doc\api\a00045.html" />
    <None Include="vendor\glm\doc\api\a00045_source.html" />
    <None Include="vendor\glm\doc\api\a00046.html" />
    <None Include="vendor\glm\doc\api\a00046_source.html" />
    <None Include="vendor\glm\doc\api\a00047.html" />
    <None Include="vendor\glm\doc\api\a00047_source.html" />
    <None Include="vendor\glm\doc\api\a00048.html" />
    <None Include="vendor\glm\doc\api\a00048_source.html" />
    <None Include="vendor\glm\doc\api\a00049.html" />
    <None Include="vendor\glm\doc\api\a00049_source.html" />
    <None Include="vendor\glm\doc\api\a00050_source.html" />
    <None Include="vendor\glm\doc\api\a00051.html" />
    <None Include="vendor\glm\doc\api\a00051_source.html" />
    <None Include="vendor\glm\doc\api\a00052.html" />
    <None Include="vendor\glm\doc\api\a00052_source.html" />
    <None Include="vendor\glm\doc\api\a00053.html" />
    <None Include="vendor\glm\doc\api\a00053_source.html" />
    <None Include="vendor\glm\doc\api\a00054.html" />
    <None Include="vendor\glm\doc\api\a00054_source.html" />
    <None Include="vendor\glm\doc\api\a00055.html" />
    <None Include="vendor\glm\doc\api\a00055_source.html" />
    <None Include="vendor\glm\doc\api\a00056.html" />
    <None Include="vendor\glm\doc\api\a00056_source.html" />
    <None Include="vendor\glm\doc\api\a00057.html" />
    <None Include="vendor\glm\doc\api\a00057_source.html" />
    <None Include="vendor\glm\doc\api\a00058_source.html" />
    <None Include="vendor\glm\doc\api\a00059.html" />
    <None Include="vendor\glm\doc\api\a00059_source.html" />
    <None Include="vendor\glm\doc\api\a00060.html" />
    <None Include="vendor\glm\doc\api\a00060_source.html" />
    <None Include="vendor\glm\doc\api\a00061.html" />
    <None Include="vendor\glm\doc\api\a00061_source.html" />
    <None Include="vendor\glm\doc\api\a00062.html" />
    <None Include="vendor\glm\doc\api\a00062_source.html" />
    <None Include="vendor\glm\doc\api\a00063.html" />
    <None Include="vendor\glm\doc\api\a00063_source.html" />
    <None Include="vendor\glm\doc\api\a00064.html" />
    <None Include="vendor\glm\doc\api\a00064_source.html" />
    <None Include="vendor\glm\doc\api\a00065.html" />
    <None Include="vendor\glm\doc\api\a00065_source.html" />
    <None Include="vendor\glm\doc\api\a00066.html" />
    <None Include="vendor\glm\doc\api\a00066_source.html" />
    <None Include="vendor\glm\doc\api\a00067.html" />
    <None Include="vendor\glm\doc\api\a00067_source.html" />
    <None Include="vendor\glm\doc\api\a00068.html" />
    <None Include="vendor\glm\doc\api\a00068_source.html" />
    <None Include="vendor\glm\doc\api\a00069.html" />
    <None Include="vendor\glm\doc\api\a00069_source.html" />
    <None Include="vendor\glm\doc\api\a00070.html" />
    <None Include="vendor\glm\doc\api\a00070_source.html" />
    <None Include="vendor\glm\doc\api\a00071.html" />
    <None Include="vendor\glm\doc\api\a00071_source.html" />
    <None Include="vendor\glm\doc\api\a00072.html" />
    <None Include="vendor\glm\doc\api\a00072_source.html" />
    <None Include="vendor\glm\doc\api\a00073.html" />
    <None Include="vendor\glm\doc\api\a00073_source.html" />
    <None Include="vendor\glm\doc\api\a00074.html" />
    <None Include="vendor\glm\doc\api\a00074_source.html" />
    <None Include="vendor\glm\doc\api\a00075.html" />
    <None Include="vendor\glm\doc\api\a00075_source.html" />
    <None Include="vendor\glm\doc\api\a00076.html" />
    <None Include="vendor\glm\doc\api\a00076_source.html" />
    <None Include="vendor\glm\doc\api\a00077.html" />
    <None Include="vendor\glm\doc\api\a00077_source.html" />
    <None Include="vendor\glm\doc\api\a00078.html" />
    <None Include="vendor\glm\doc\api\a00078_source.html" />
    <None Include="vendor\glm\doc\api\a00079.html" />
    <None Include="vendor\glm\doc\api\a00079_source.html" />
    <None Include="vendor\glm\doc\api\a00080.html" />
    <None Include="vendor\glm\doc\api\a00080_source.html" />
    <None Include="vendor\glm\doc\api\a00081.html" />
    <None Include="vendor\glm\doc\api\a00081_source.html" />
    <None Include="vendor\glm\doc\api\a00082_source.html" />
    <None Include="vendor\glm\doc\api\a00083.html" />
    <None Include="vendor\glm\doc\api\a00083_source.html" />
    <None Include="vendor\glm\doc\api\a00084.html" />
    <None Include="vendor\glm\doc\api\a00084_source.html" />
    <None Include="vendor\glm\doc\api\a00085.html" />
    <None Include="vendor\glm\doc\api\a00085_source.html" />
    <None Include="vendor\glm\doc\api\a00086.html" />
    <None Include="vendor\glm\doc\api\a00086_source.html" />
    <None Include="vendor\glm\doc\api\a00087.html" />
    <None Include="vendor\glm\doc\api\a00087_source.html" />
    <None Include="vendor\glm\doc\api\a00088.html" />
    <None Include="vendor\glm\doc\api\a00088_source.html" />
    <None Include="vendor\glm\doc\api\a00089.html" />
    <None Include="vendor\glm\doc\api\a00089_source.html" />
    <None Include="vendor\glm\doc\api\a00090.html" />
    <None Include="vendor\glm\doc\api\a00090_source.html" />
    <None Include="vendor\glm\doc\api\a00091.html" />
    <None Include="vendor\glm\doc\api\a00091_source.html" />
    <None Include="vendor\glm\doc\api\a00092.html" />
    <None Include="vendor\glm\doc\api\a00092_source.html" />
    <None Include="vendor\glm\doc\api\a00093.html" />
    <None Include="vendor\glm\doc\api\a00093_source.html" />
    <None Include="vendor\glm\doc\api\a00094.html" />
    <None Include="vendor\glm\doc\api\a00094_source.html" />
    <None Include="vendor\glm\doc\api\a00095.html" />
    <None Include="vendor\glm\doc\api\a00095_source.html" />
    <None Include="vendor\glm\doc\api\a00096.html" />
    <None Include="vendor\glm\doc\api\a00096_source.html" />
    <None Include="vendor\glm\doc\api\a00097.html" />
    <None Include="vendor\glm\doc\api\a00097_source.html" />
    <None Include="vendor\glm\doc\api\a00098.html" />
    <None Include="vendor\glm\doc\api\a00098_source.html" />
    <None Include="vendor\glm\doc\api\a00099.html" />
    <None Include="vendor\glm\doc\api\a00099_source.html" />
    <None Include="vendor\glm\doc\api\a00100.html" />
    <None Include="vendor\glm\doc\api\a00100_source.html" />
    <None Include="vendor\glm\doc\api\a00101.html" />
    <None Include="vendor\glm\doc\api\a00101_source.html" />
    <None Include="vendor\glm\doc\api\a00102.html" />
    <None Include="vendor\glm\doc\api\a00102_source.html" />
    <None Include="vendor\glm\doc\api\a00103.html" />
    <None Include="vendor\glm\doc\api\a00103_source.html" />
    <None Include="vendor\glm\doc\api\a00104.html" />
    <None Include="vendor\glm\doc\api\a00104_source.html" />
    <None Include="vendor\glm\doc\api\a00105.html" />
    <None Include="vendor\glm\doc\api\a00105_source.html" />
    <None Include="vendor\glm\doc\api\a00106.html" />
    <None Include="vendor\glm\doc\api\a00106_source.html" />
    <None Include="vendor\glm\doc\api\a00107.html" />
    <None Include="vendor\glm\doc\api\a00107_source.html" />
    <None Include="vendor\glm\doc\api\a00108.html" />
    <None Include="vendor\glm\doc\api\a00108_source.html" />
    <None Include="vendor\glm\doc\api\a00109.html" />
    <None Include="vendor\glm\doc\api\a00109_source.html" />
    <None Include="vendor\glm\doc\api\a00110.html" />
    <None Include="vendor\glm\doc\api\a00110_source.html" />
    <None Include="vendor\glm\doc\api\a00111.html" />
    <None Include="vendor\glm\doc\api\a00111_source.html" />
    <None Include="vendor\glm\doc\api\a00112.html" />
    <None Include="vendor\glm\doc\api\a00112_source.html" />
    <None Include="vendor\glm\doc\api\a00113.html" />
    <None Include="vendor\glm\doc\api\a00113_source.html" />
    <None Include="vendor\glm\doc\api\a00114.html" />
    <None Include="vendor\glm\doc\api\a00114_source.html" />
    <None Include="vendor\glm\doc\api\a00115.html" />
    <None Include="vendor\glm\doc\api\a00115_source.html" />
    <None Include="vendor\glm\doc\api\a00116.html" />
    <None Include="vendor\glm\doc\api\a00116_source.html" />
    <None Include="vendor\glm\doc\api\a00117.html" />
    <None Include="vendor\glm\doc\api\a00117_source.html" />
    <None Include="vendor\glm\doc\api\a00118.html" />
    <None Include="vendor\glm\doc\api\a00118_source.html" />
    <None Include="vendor\glm\doc\api\a00119.html" />
    <None Include="vendor\glm\doc\api\a00119_source.html" />
    <None Include="vendor\glm\doc\api\a00120.html" />
    <None Include="vendor\glm\doc\api\a00120_source.html" />
    <None Include="vendor\glm\doc\api\a00121.html" />
    <None Include="vendor\glm\doc\api\a00121_source.html" />
    <None Include="vendor\glm\doc\api\a00122.html" />
    <None Include="vendor\glm\doc\api\a00122_source.html" />
    <None Include="vendor\glm\doc\api\a00123.html" />
    <None Include="vendor\glm\doc\api\a00123_source.html" />
    <None Include="vendor\glm\doc\api\a00124.html" />
    <None Include="vendor\glm\doc\api\a00124_source.html" />
    <None Include="vendor\glm\doc\api\a00125.html" />
    <None Include="vendor\glm\doc\api\a00125_source.html" />
    <None Include="vendor\glm\doc\api\a00126.html" />
    <None Include="vendor\glm\doc\api\a00126_source.html" />
    <None Include="vendor\glm\doc\api\a00127.html" />
    <None Include="vendor\glm\doc\api\a00127_source.html" />
    <None Include="vendor\glm\doc\api\a00128.html" />
    <None Include="vendor\glm\doc\api\a00128_source.html" />
    <None Include="vendor\glm\doc\api\a00129.html" />
    <None Include="vendor\glm\doc\api\a00129_source.html" />
    <None Include="vendor\glm\doc\api\a00130.html" />
    <None Include="vendor\glm\doc\api\a00130_source.html" />
    <None Include="vendor\glm\doc\api\a00131.html" />
    <None Include="vendor\glm\doc\api\a00131_source.html" />
    <None Include="vendor\glm\doc\api\a00132.html" />
    <None Include="vendor\glm\doc\api\a00132_source.html" />
    <None Include="vendor\glm\doc\api\a00133.html" />
    <None Include="vendor\glm\doc\api\a00133_source.html" />
    <None Include="vendor\glm\doc\api\a00134.html" />
    <None Include="vendor\glm\doc\api\a00134_source.html" />
    <None Include="vendor\glm\doc\api\a00135.html" />
    <None Include="vendor\glm\doc\api\a00135_source.html" />
    <None Include="vendor\glm\doc\api\a00136.html" />
    <None Include="vendor\glm\doc\api\a00136_source.html" />
    <None Include="vendor\glm\doc\api\a00137.html" />
    <None Include="vendor\glm\doc\api\a00137_source.html" />
    <None Include="vendor\glm\doc\api\a00138.html" />
    <None Include="vendor\glm\doc\api\a00138_source.html" />
    <None Include="vendor\glm\doc\api\a00139.html" />
    <None Include="vendor\glm\doc\api\a00139_source.html" />
    <None Include="vendor\glm\doc\api\a00140.html" />
    <None Include="vendor\glm\doc\api\a00140_source.html" />
    <None Include="vendor\glm\doc\api\a00146.html" />
    <None Include="vendor\glm\doc\api\a00147.html" />
    <None Include="vendor\glm\doc\api\a00148.html" />
    <None Include="vendor\glm\doc\api\a00149.html" />
    <None Include="vendor\glm\doc\api\a00150.html" />
    <None Include="vendor\glm\doc\api\a00151.html" />
    <None Include="vendor\glm\doc\api\a00152.html" />
    <None Include="vendor\glm\doc\api\a00153.html" />
    <None Include="vendor\glm\doc\api\a00154.html" />
    <None Include="vendor\glm\doc\api\a00155.html" />
    <None Include="vendor\glm\doc\api\a00156.html" />
    <None Include="vendor\glm\doc\api\a00157.html" />
    <None Include="vendor\glm\doc\api\a00158.html" />
    <None Include="vendor\glm\doc\api\a00159.html" />
    <None Include="vendor\glm\doc\api\a00160.html" />
    <None Include="vendor\glm\doc\api\a00161.html" />
    <None Include="vendor\glm\doc\api\a00162.html" />
    <None Include="vendor\glm\doc\api\a00163.html" />
    <None Include="vendor\glm\doc\api\a00164.html" />
    <None Include="vendor\glm\doc\api\a00165.html" />
    <None Include="vendor\glm\doc\api\a00166.html" />
    <None Include="vendor\glm\doc\api\a00167.html" />
    <None Include="vendor\glm\doc\api\a00168.html" />
    <None Include="vendor\glm\doc\api\a00169.html" />
    <None Include="vendor\glm\doc\api\a00170.html" />
    <None Include="vendor\glm\doc\api\a00171.html" />
    <None Include="vendor\glm\doc\api\a00172.html" />
    <None Include="vendor\glm\doc\api\a00173.html" />
    <None Include="vendor\glm\doc\api\a00174.html" />
    <None Include="vendor\glm\doc\api\a00175.html" />
    <None Include="vendor\glm\doc\api\a00176.html" />
    <None Include="vendor\glm\doc\api\a00177.html" />
    <None Include="vendor\glm\doc\api\a00178.html" />
    <None Include="vendor\glm\doc\api\a00179.html" />
    <None Include="vendor\glm\doc\api\a00180.html" />
    <None Include="vendor\glm\doc\api\a00181.html" />
    <None Include="vendor\glm\doc\api\a00182.html" />
    <None Include="vendor\glm\doc\api\a00183.html" />
    <None Include="vendor\glm\doc\api\a00184.html" />
    <None Include="vendor\glm\doc\api\a00185.html" />
    <None Include="vendor\glm\doc\api\a00186.html" />
    <None Include="vendor\glm\doc\api\a00187.html" />
    <None Include="vendor\glm\doc\api\a00188.html" />
    <None Include="vendor\glm\doc\api\a00189.html" />
    <None Include="vendor\glm\doc\api\a00190.html" />
    <None Include="vendor\glm\doc\api\a00191.html" />
    <None Include="vendor\glm\doc\api\a00192.html" />
    <None Include="vendor\glm\doc\api\a00193.html" />
    <None Include="vendor\glm\doc\api\a00194.html" />
    <None Include="vendor\glm\doc\api\a00195.html" />
    <None Include="vendor\glm\doc\api\a00196.html" />
    <None Include="vendor\glm\doc\api\a00197.html" />
    <None Include="vendor\glm\doc\api\a00198.html" />
    <None Include="vendor\glm\doc\api\a00199.html" />
    <None Include="vendor\glm\doc\api\a00200.html" />
    <None Include="vendor\glm\doc\api\a00201.html" />
    <None Include="vendor\glm\doc\api\a00202.html" />
    <None Include="vendor\glm\doc\api\a00203.html" />
    <None Include="vendor\glm\doc\api\a00204.html" />
    <None Include="vendor\glm\doc\api\a00205.html" />
    <None Include="vendor\glm\doc\api\a00206.html" />
    <None Include="vendor\glm\doc\api\a00207.html" />
    <None Include="vendor\glm\doc\api\a00208.html" />
    <None Include="vendor\glm\doc\api\a00209.html" />
    <None Include="vendor\glm\doc\api\a00210.html" />
    <None Include="vendor\glm\doc\api\a00211.html" />
    <None Include="vendor\glm\doc\api\a00212.html" />
    <None Include="vendor\glm\doc\api\a00213.html" />
    <None Include="vendor\glm\doc\api\a00214.html" />
    <None Include="vendor\glm\doc\api\a00215.html" />
    <None Include="vendor\glm\doc\api\a00216.html" />
    <None Include="vendor\glm\doc\api\a00217.html" />
    <None Include="vendor\glm\doc\api\a00218.html" />
    <None Include="vendor\glm\doc\api\a00219.html" />
    <None Include="vendor\glm\doc\api\a00220.html" />
    <None Include="vendor\glm\doc\api\a00221.html" />
    <None Include="vendor\glm\doc\api\a00222.html" />
    <None Include="vendor\glm\doc\api\a00223.html" />
    <None Include="vendor\glm\doc\api\a00224.html" />
    <None Include="vendor\glm\doc\api\a00225.html" />
    <None Include="vendor\glm\doc\api\a00226.html" />
    <None Include="vendor\glm\doc\api\a00227.html" />
    <None Include="vendor\glm\doc\api\a00228.html" />
    <None Include="vendor\glm\doc\api\a00229.html" />
    <None Include="vendor\glm\doc\api\a00230.html" />
    <None Include="vendor\glm\doc\api\a00231.html" />
    <None Include="vendor\glm\doc\api\a00232.html" />
    <None Include="vendor\glm\doc\api\a00233.html" />
    <None Include="vendor\glm\doc\api\a00234.html" />
    <None Include="vendor\glm\doc\api\a00235.html" />
    <None Include="vendor\glm\doc\api\a00236.html" />
    <None Include="vendor\glm\doc\api\a00237.html" />
    <None Include="vendor\glm\doc\api\a00238.html" />
    <None Include="vendor\glm\doc\api\dir_1f76e953200861345293ade84ac7fb6c.html" />
    <None Include="vendor\glm\doc\api\dir_5ce58d942b2d0776e17a9a58abc01e04.html" />
    <None Include="vendor\glm\doc\api\dir_7b98f88bffbed4b390b5f8f520d9c08e.html" />
    <None Include="vendor\glm\doc\api\dir_8d176b5b7dd0ae42ea6876078f2bde49.html" />
    <None Include="vendor\glm\doc\api\dir_577c788b67d63fb3b3b5752bd495d0f2.html" />
    <None Include="vendor\glm\doc\api\dir_9440d7c11b99dcd7e5d369c7cf9802fe.html" />
    <None Include="vendor\glm\doc\api\dir_275089585c7fc1b5fd5d7d42c69cb1da.html" />
    <None Include="vendor\glm\doc\api\dir_e29b03b892e0e25920d021a614d4db9b.html" />
    <None Include="vendor\glm\doc\api\dir_e529a619cfdec1fa4c331fb042fd332f.html" />
    <None Include="vendor\glm\doc\api\files.html" />
    <None Include="vendor\glm\doc\api\index.html" />
    <None Include="vendor\glm\doc\api\modules.html" />
    <None Include="vendor\glm\gtc\bitfield.inl">
      <Filter>Header Files</Filter>
    </None>
    <None Include="vendor\glm\gtc\color_encoding.inl">
      <Filter>Header Files</Filter>
    </None>
    <None Include="vendor\glm\gtc\color_space.inl">
      <Filter>Header Files</Filter>
    </None>
    <None Include="vendor\glm\gtc\constants.inl">
      <Filter>Header Files</Filter>
    </None>
    <None Include="vendor\glm\gtc\epsilon.inl">
      <Filter>Header Files</Filter>
    </None>
    <None Include="vendor\glm\gtc\functions.inl">
      <Filter>Header Files</Filter>
    </None>
    <None Include="vendor\glm\gtc\integer.inl">
      <Filter>Header Files</Filter>
    </None>
    <None Include="vendor\glm\gtc\matrix_access.inl">
      <Filter>Header Files</Filter>
    </None>
    <None Include="vendor\glm\gtc\matrix_inverse.inl">
      <Filter>Header Files</Filter>
    </None>
    <None Include="vendor\glm\gtc\matrix_transform.inl">
      <Filter>Header Files</Filter>
    </None>
    <None Include="vendor\glm\gtc\noise.inl">
      <Filter>Header Files</Filter>
    </None>
    <None Include="vendor\glm\gtc\packing.inl">
      <Filter>Header Files</Filter>
    </None>
    <None Include="vendor\glm\gtc\quaternion.inl">
      <Filter>Header Files</Filter>
    </None>
    <None Include="vendor\glm\gtc\quaternion_simd.inl">
      <Filter>Header Files</Filter>
    </None>
    <None Include="vendor\glm\gtc\random.inl">
      <Filter>Header Files</Filter>
    </None>
    <None Include="vendor\glm\gtc\reciprocal.inl">
      <Filter>Header Files</Filter>
    </None>
    <None Include="vendor\glm\gtc\round.inl">
      <Filter>Header Files</Filter>
    </None>
    <None Include="vendor\glm\gtc\type_precision.inl">
      <Filter>Header Files</Filter>
    </None>
    <None Include="vendor\glm\gtc\type_ptr.inl">
      <Filter>Header Files</Filter>
    </None>
    <None Include="vendor\glm\gtc\ulp.inl">
      <Filter>Header Files</Filter>
    </None>
    <None Include="vendor\glm\gtc\vec1.inl">
      <Filter>Header Files</Filter>
    </None>
    <None Include="vendor\glm\gtx\associated_min_max.inl">
      <Filter>Header Files</Filter>
    </None>
    <None Include="vendor\glm\gtx\bit.inl">
      <Filter>Header Files</Filter>
    </None>
    <None Include="vendor\glm\gtx\closest_point.inl">
      <Filter>Header Files</Filter>
    </None>
    <None Include="vendor\glm\gtx\color_space.inl">
      <Filter>Header Files</Filter>
    </None>
    <None Include="vendor\glm\gtx\color_space_YCoCg.inl">
      <Filter>Header Files</Filter>
    </None>
    <None Include="vendor\glm\gtx\common.inl">
      <Filter>Header Files</Filter>
    </None>
    <None Include="vendor\glm\gtx\compatibility.inl">
      <Filter>Header Files</Filter>
    </None>
    <None Include="vendor\glm\gtx\component_wise.inl">
      <Filter>Header Files</Filter>
    </None>
    <None Include="vendor\glm\gtx\dual_quaternion.inl">
      <Filter>Header Files</Filter>
    </None>
    <None Include="vendor\glm\gtx\euler_angles.inl">
      <Filter>Header Files</Filter>
    </None>
    <None Include="vendor\glm\gtx\extend.inl">
      <Filter>Header Files</Filter>
    </None>
    <None Include="vendor\glm\gtx\extended_min_max.inl">
      <Filter>Header Files</Filter>
    </None>
    <None Include="vendor\glm\gtx\fast_exponential.inl">
      <Filter>Header Files</Filter>
    </None>
    <None Include="vendor\glm\gtx\fast_square_root.inl">
      <Filter>Header Files</Filter>
    </None>
    <None Include="vendor\glm\gtx\fast_trigonometry.inl">
      <Filter>Header Files</Filter>
    </None>
    <None Include="vendor\glm\gtx\float_notmalize.inl">
      <Filter>Header Files</Filter>
    </None>
    <None Include="vendor\glm\gtx\gradient_paint.inl">
      <Filter>Header Files</Filter>
    </None>
    <None Include="vendor\glm\gtx\handed_coordinate_space.inl">
      <Filter>Header Files</Filter>
    </None>
    <None Include="vendor\glm\gtx\hash.inl">
      <Filter>Header Files</Filter>
    </None>
    <None Include="vendor\glm\gtx\integer.inl">
      <Filter>Header Files</Filter>
    </None>
    <None Include="vendor\glm\gtx\intersect.inl">
      <Filter>Header Files</Filter>
    </None>
    <None Include="vendor\glm\gtx\io.inl">
      <Filter>Header Files</Filter>
    </None>
    <None Include="vendor\glm\gtx\log_base.inl">
      <Filter>Header Files</Filter>
    </None>
    <None Include="vendor\glm\gtx\matrix_cross_product.inl">
      <Filter>Header Files</Filter>
    </None>
    <None Include="vendor\glm\gtx\matrix_decompose.inl">
      <Filter>Header Files</Filter>
    </None>
    <None Include="vendor\glm\gtx\matrix_interpolation.inl">
      <Filter>Header Files</Filter>
    </None>
    <None Include="vendor\glm\gtx\matrix_major_storage.inl">
      <Filter>Header Files</Filter>
    </None>
    <None Include="vendor\glm\gtx\matrix_operation.inl">
      <Filter>Header Files</Filter>
    </None>
    <None Include="vendor\glm\gtx\matrix_query.inl">
      <Filter>Header Files</Filter>
    </None>
    <None Include="vendor\glm\gtx\matrix_transform_2d.inl">
      <Filter>Header Files</Filter>
    </None>
    <None Include="vendor\glm\gtx\mixed_product.inl">
      <Filter>Header Files</Filter>
    </None>
    <None Include="vendor\glm\gtx\norm.inl">
      <Filter>Header Files</Filter>
    </None>
    <None Include="vendor\glm\gtx\normal.inl">
      <Filter>Header Files</Filter>
    </None>
    <None Include="vendor\glm\gtx\normalize_dot.inl">
      <Filter>Header Files</Filter>
    </None>
    <None Include="vendor\glm\gtx\number_precision.inl">
      <Filter>Header Files</Filter>
    </None>
    <None Include="vendor\glm\gtx\optimum_pow.inl">
      <Filter>Header Files</Filter>
    </None>
    <None Include="vendor\glm\gtx\orthonormalize.inl">
      <Filter>Header Files</Filter>
    </None>
    <None Include="vendor\glm\gtx\perpendicular.inl">
      <Filter>Header Files</Filter>
    </None>
    <None Include="vendor\glm\gtx\polar_coordinates.inl">
      <Filter>Header Files</Filter>
    </None>
    <None Include="vendor\glm\gtx\projection.inl">
      <Filter>Header Files</Filter>
    </None>
    <None Include="vendor\glm\gtx\quaternion.inl">
      <Filter>Header Files</Filter>
    </None>
    <None Include="vendor\glm\gtx\raw_data.inl">
      <Filter>Header Files</Filter>
    </None>
    <None Include="vendor\glm\gtx\rotate_normalized_axis.inl">
      <Filter>Header Files</Filter>
    </None>
    <None Include="vendor\glm\gtx\rotate_vector.inl">
      <Filter>Header Files</Filter>
    </None>
    <None Include="vendor\glm\gtx\scalar_relational.inl">
      <Filter>Header Files</Filter>
    </None>
    <None Include="vendor\glm\gtx\spline.inl">
      <Filter>Header Files</Filter>
    </None>
    <None Include="vendor\glm\gtx\std_based_type.inl">
      <Filter>Header Files</Filter>
    </None>
    <None Include="vendor\glm\gtx\string_cast.inl">
      <Filter>Header Files</Filter>
    </None>
    <None Include="vendor\glm\gtx\transform.inl">
      <Filter>Header Files</Filter>
    </None>
    <None Include="vendor\glm\gtx\transform2.inl">
      <Filter>Header Files</Filter>
    </None>
    <None Include="vendor\glm\gtx\type_aligned.inl">
      <Filter>Header Files</Filter>
    </None>
    <None Include="vendor\glm\gtx\type_trait.inl">
      <Filter>Header Files</Filter>
    </None>
    <None Include="vendor\glm\gtx\vector_angle.inl">
      <Filter>Header Files</Filter>
    </None>
    <None Include="vendor\glm\gtx\vector_query.inl">
      <Filter>Header Files</Filter>
    </None>
    <None Include="vendor\glm\gtx\wrap.inl">
      <Filter>Header Files</Filter>
    </None>
    <None Include="vendor\glm\test\external\gli\core\generate_mipmaps.inl">
      <Filter>Header Files</Filter>
    </None>
    <None Include="vendor\glm\test\external\gli\core\image2d.inl">
      <Filter>Header Files</Filter>
    </None>
    <None Include="vendor\glm\test\external\gli\core\operation.inl">
      <Filter>Header Files</Filter>
    </None>
    <None Include="vendor\glm\test\external\gli\core\operator.inl">
      <Filter>Header Files</Filter>
    </None>
    <None Include="vendor\glm\test\external\gli\core\shared_array.inl">
      <Filter>Header Files</Filter>
    </None>
    <None Include="vendor\glm\test\external\gli\core\shared_ptr.inl">
      <Filter>Header Files</Filter>
    </None>
    <None Include="vendor\glm\test\external\gli\core\size.inl">
      <Filter>Header Files</Filter>
    </None>
    <None Include="vendor\glm\test\external\gli\core\texture_cube.inl">
      <Filter>Header Files</Filter>
    </None>
    <None Include="vendor\glm\test\external\gli\core\texture_cube_array.inl">
      <Filter>Header Files</Filter>
    </None>
    <None Include="vendor\glm\test\external\gli\core\texture2d.inl">
      <Filter>Header Files</Filter>
    </None>
    <None Include="vendor\glm\test\external\gli\core\texture2d_array.inl">
      <Filter>Header Files</Filter>
    </None>
    <None Include="vendor\glm\test\external\gli\gtx\compression.inl">
      <Filter>Header Files</Filter>
    </None>
    <None Include="vendor\glm\test\external\gli\gtx\fetch.inl">
      <Filter>Header Files</Filter>
    </None>
    <None Include="vendor\glm\test\external\gli\gtx\gl_texture2d.inl">
      <Filter>Header Files</Filter>
    </None>
    <None Include="vendor\glm\test\external\gli\gtx\gradient.inl">
      <Filter>Header Files</Filter>
    </None>
    <None Include="vendor\glm\test\external\gli\gtx\loader.inl">
      <Filter>Header Files</Filter>
    </None>
    <None Include="vendor\glm\test\external\gli\gtx\loader_dds9.inl">
      <Filter>Header Files</Filter>
    </None>
    <None Include="vendor\glm\test\external\gli\gtx\loader_dds10.inl">
      <Filter>Header Files</Filter>
    </None>
    <None Include="vendor\glm\test\external\gli\gtx\loader_tga.inl">
      <Filter>Header Files</Filter>
    </None>
    <None Include="vendor\glm\test\external\gli\gtx\wavelet.inl">
      <Filter>Header Files</Filter>
    </None>
    <None Include="res\shaders\cube.frag" />
    <None Include="res\shaders\cube.vert" />
    <None Include="res\shaders\light.frag" />
    <None Include="res\shaders\light.vert" />
  </ItemGroup>
</Project>